{
  "requires": true,
  "lockfileVersion": 1,
  "dependencies": {
    "simple-keyboard": {
      "version": "3.5.21",
      "resolved": "https://registry.npmjs.org/simple-keyboard/-/simple-keyboard-3.5.21.tgz",
      "integrity": "sha512-49cp1LBcMpLyVuey6Wuqr3EoXwT8GLDA5b8dZDS2Jtk8VI4K9bQ9GnTH6LRekDMBjkMRh62mXDcouzN6ESroCg=="
    }
  }
}
